
Microsoft Visual Studio Solution File, Format Version 12.00
# Visual Studio Version 17
VisualStudioVersion = 17.11.35327.3
MinimumVisualStudioVersion = 10.0.40219.1
Project("{8BC9CEB8-8B4A-11D0-8D11-00A0C91BC942}") = "OLED_SSD1322_DMA", "OLED_SSD1322_DMA.vcxproj", "{EAC4E81C-B6E7-406D-B0AA-8407E41F919D}"
EndProject
Global
	GlobalSection(SolutionConfigurationPlatforms) = preSolution
		Debug|VisualGDB = Debug|VisualGDB
		Release|VisualGDB = Release|VisualGDB
	EndGlobalSection
	GlobalSection(ProjectConfigurationPlatforms) = postSolution
		{EAC4E81C-B6E7-406D-B0AA-8407E41F919D}.Debug|VisualGDB.ActiveCfg = Debug|VisualGDB
		{EAC4E81C-B6E7-406D-B0AA-8407E41F919D}.Debug|VisualGDB.Build.0 = Debug|VisualGDB
		{EAC4E81C-B6E7-406D-B0AA-8407E41F919D}.Release|VisualGDB.ActiveCfg = Release|VisualGDB
		{EAC4E81C-B6E7-406D-B0AA-8407E41F919D}.Release|VisualGDB.Build.0 = Release|VisualGDB
	EndGlobalSection
	GlobalSection(SolutionProperties) = preSolution
		HideSolutionNode = FALSE
	EndGlobalSection
	GlobalSection(ExtensibilityGlobals) = postSolution
		SolutionGuid = {FFC264E6-F21B-4348-856D-4710F9838EE4}
	EndGlobalSection
EndGlobal
