<?xml version="1.0" encoding="utf-8"?>
<Project ToolsVersion="4.0" xmlns="http://schemas.microsoft.com/developer/msbuild/2003">
  <ItemGroup>
    <Filter Include="Source files">
      <UniqueIdentifier>{358d0a56-9f71-4ebf-b183-3daac5d744a5}</UniqueIdentifier>
      <Extensions>cpp;c;cc;cxx;def;odl;idl;hpj;bat;asm;asmx</Extensions>
    </Filter>
    <Filter Include="Header files">
      <UniqueIdentifier>{9225123c-a002-4ea0-b736-1baa4cd9bdf3}</UniqueIdentifier>
      <Extensions>h;hpp;hxx;hm;inl;inc;xsd</Extensions>
    </Filter>
    <Filter Include="Resource files">
      <UniqueIdentifier>{3c8580a6-c750-4d32-8f27-4aacec944f8e}</UniqueIdentifier>
      <Extensions>rc;ico;cur;bmp;dlg;rc2;rct;bin;rgs;gif;jpg;jpeg;jpe;resx;tiff;tif;png;wav</Extensions>
    </Filter>
    <Filter Include="Source files\Core">
      <UniqueIdentifier>{da2b2a0f-8005-4a68-aed5-63236a7eac59}</UniqueIdentifier>
    </Filter>
    <Filter Include="Source files\Core\Inc">
      <UniqueIdentifier>{3866fcc0-312b-4ce7-b248-d373e16f8cb3}</UniqueIdentifier>
    </Filter>
    <Filter Include="Source files\Core\Src">
      <UniqueIdentifier>{0cabae51-3951-421a-9f0c-8366cd852904}</UniqueIdentifier>
    </Filter>
    <Filter Include="Source files\Core\Src\SSD1322_OLED_lib">
      <UniqueIdentifier>{0aafbfa1-9912-496d-ba9f-c3123d1ecf14}</UniqueIdentifier>
    </Filter>
    <Filter Include="Source files\Core\Startup">
      <UniqueIdentifier>{593eff1c-3905-4a5a-901b-3e325d183d9c}</UniqueIdentifier>
    </Filter>
    <Filter Include="Source files\Drivers">
      <UniqueIdentifier>{5d5d8818-fed5-41d9-97f6-a743af02837e}</UniqueIdentifier>
    </Filter>
    <Filter Include="Source files\Drivers\CMSIS">
      <UniqueIdentifier>{429632b0-38ea-42ca-aed0-e2f2aed03193}</UniqueIdentifier>
    </Filter>
    <Filter Include="Source files\Drivers\CMSIS\Device">
      <UniqueIdentifier>{be3cb0bf-98dd-4b52-8d0a-86e50ecb355b}</UniqueIdentifier>
    </Filter>
    <Filter Include="Source files\Drivers\CMSIS\Device\ST">
      <UniqueIdentifier>{4258fb1a-2ca7-4708-a852-b4879e233886}</UniqueIdentifier>
    </Filter>
    <Filter Include="Source files\Drivers\CMSIS\Device\ST\STM32F1xx">
      <UniqueIdentifier>{10e0c61d-42e9-45a7-905e-0e6ec6dc7b99}</UniqueIdentifier>
    </Filter>
    <Filter Include="Source files\Drivers\CMSIS\Device\ST\STM32F1xx\Include">
      <UniqueIdentifier>{594d22ff-4def-40dc-9b3d-d6506bcacae9}</UniqueIdentifier>
    </Filter>
    <Filter Include="Source files\Drivers\CMSIS\Include">
      <UniqueIdentifier>{1d4cae54-cc67-4e6b-bbee-688b7b73244f}</UniqueIdentifier>
    </Filter>
    <Filter Include="Source files\Drivers\STM32F1xx_HAL_Driver">
      <UniqueIdentifier>{1caae40b-0922-4f77-93a3-83648e74c333}</UniqueIdentifier>
    </Filter>
    <Filter Include="Source files\Drivers\STM32F1xx_HAL_Driver\Inc">
      <UniqueIdentifier>{8982354c-9a12-41a0-8cbc-964a5f60498b}</UniqueIdentifier>
    </Filter>
    <Filter Include="Source files\Drivers\STM32F1xx_HAL_Driver\Inc\Legacy">
      <UniqueIdentifier>{abc00141-e2e3-42f4-8d0d-37b5b949931b}</UniqueIdentifier>
    </Filter>
    <Filter Include="Source files\Drivers\STM32F1xx_HAL_Driver\Src">
      <UniqueIdentifier>{05b9b1a1-272c-419a-a442-f1c96189acf4}</UniqueIdentifier>
    </Filter>
    <Filter Include="Source files\Device-specific files">
      <UniqueIdentifier>{c9d395d9-dc30-4990-9579-1e9d2eda3ee3}</UniqueIdentifier>
    </Filter>
    <Filter Include="Header files\Core">
      <UniqueIdentifier>{7ad6bcb6-030e-4189-bf20-387f844e09a7}</UniqueIdentifier>
    </Filter>
    <Filter Include="Header files\Core\Inc">
      <UniqueIdentifier>{3e66707f-314c-4d23-8005-c4a6aea1308c}</UniqueIdentifier>
    </Filter>
    <Filter Include="Header files\Core\Src">
      <UniqueIdentifier>{15893f31-15de-4536-b729-7a94c6487545}</UniqueIdentifier>
    </Filter>
    <Filter Include="Header files\Core\Src\SSD1322_OLED_lib">
      <UniqueIdentifier>{61779baf-3db6-45d9-99d6-3e6cc59f2efa}</UniqueIdentifier>
    </Filter>
    <Filter Include="Header files\Core\Startup">
      <UniqueIdentifier>{f521cb1e-d7f7-4d04-82b0-b294d75c0491}</UniqueIdentifier>
    </Filter>
    <Filter Include="Header files\Drivers">
      <UniqueIdentifier>{9270ec5c-37e0-4f9c-8993-34a0e1458df7}</UniqueIdentifier>
    </Filter>
    <Filter Include="Header files\Drivers\CMSIS">
      <UniqueIdentifier>{135de9a9-9c9b-499d-b59b-8135ff94a718}</UniqueIdentifier>
    </Filter>
    <Filter Include="Header files\Drivers\CMSIS\Device">
      <UniqueIdentifier>{ef4e8ad3-8596-4d84-8761-5d040f270518}</UniqueIdentifier>
    </Filter>
    <Filter Include="Header files\Drivers\CMSIS\Device\ST">
      <UniqueIdentifier>{926ebb26-c0df-4c0e-9a33-874719ce9de3}</UniqueIdentifier>
    </Filter>
    <Filter Include="Header files\Drivers\CMSIS\Device\ST\STM32F1xx">
      <UniqueIdentifier>{9d9aa63c-72f0-4f47-bc53-664b8f3cec85}</UniqueIdentifier>
    </Filter>
    <Filter Include="Header files\Drivers\CMSIS\Device\ST\STM32F1xx\Include">
      <UniqueIdentifier>{7f4342a1-801d-400e-b875-2c33bd076288}</UniqueIdentifier>
    </Filter>
    <Filter Include="Header files\Drivers\CMSIS\Include">
      <UniqueIdentifier>{a13a9eb2-853a-41f9-a759-e6fb6bdc8e14}</UniqueIdentifier>
    </Filter>
    <Filter Include="Header files\Drivers\STM32F1xx_HAL_Driver">
      <UniqueIdentifier>{437d4cbc-cfe1-4f2c-9cc7-a9c5e4f340f4}</UniqueIdentifier>
    </Filter>
    <Filter Include="Header files\Drivers\STM32F1xx_HAL_Driver\Inc">
      <UniqueIdentifier>{26f940be-2d04-49c9-9307-728fdab8aa6b}</UniqueIdentifier>
    </Filter>
    <Filter Include="Header files\Drivers\STM32F1xx_HAL_Driver\Inc\Legacy">
      <UniqueIdentifier>{fc0593c4-e398-42cd-9a6d-d08113b1cbcf}</UniqueIdentifier>
    </Filter>
    <Filter Include="Header files\Drivers\STM32F1xx_HAL_Driver\Src">
      <UniqueIdentifier>{2e182d83-7bab-438a-b218-de51386912c4}</UniqueIdentifier>
    </Filter>
    <Filter Include="Header files\Device-specific files">
      <UniqueIdentifier>{1743eb56-878d-4545-9b91-89e99d2fbbd9}</UniqueIdentifier>
    </Filter>
    <Filter Include="VisualGDB settings">
      <UniqueIdentifier>{f897d849-3a28-461e-94d7-773ac22ab11c}</UniqueIdentifier>
    </Filter>
  </ItemGroup>
  <ItemGroup>
    <None Include="stm32.props">
      <Filter>Source files\Device-specific files</Filter>
    </None>
    <None Include="stm32.xml">
      <Filter>VisualGDB settings</Filter>
    </None>
    <ClCompile Include="D:\Code_STM32\R6581_VS_Display\Core\Src\dma.c">
      <Filter>Source files</Filter>
    </ClCompile>
    <ClCompile Include="D:\Code_STM32\R6581_VS_Display\Core\Src\gpio.c">
      <Filter>Source files</Filter>
    </ClCompile>
    <ClCompile Include="D:\Code_STM32\R6581_VS_Display\Core\Src\main.c">
      <Filter>Source files</Filter>
    </ClCompile>
    <ClCompile Include="D:\Code_STM32\R6581_VS_Display\Core\Src\spi.c">
      <Filter>Source files</Filter>
    </ClCompile>
    <ClCompile Include="D:\Code_STM32\R6581_VS_Display\Core\Src\stm32f1xx_hal_msp.c">
      <Filter>Source files</Filter>
    </ClCompile>
    <ClCompile Include="D:\Code_STM32\R6581_VS_Display\Core\Src\stm32f1xx_it.c">
      <Filter>Source files</Filter>
    </ClCompile>
    <ClCompile Include="D:\Code_STM32\R6581_VS_Display\Core\Src\syscalls.c">
      <Filter>Source files</Filter>
    </ClCompile>
    <ClCompile Include="D:\Code_STM32\R6581_VS_Display\Core\Src\sysmem.c">
      <Filter>Source files</Filter>
    </ClCompile>
    <ClCompile Include="D:\Code_STM32\R6581_VS_Display\Core\Src\system_stm32f1xx.c">
      <Filter>Source files</Filter>
    </ClCompile>
    <ClCompile Include="D:\Code_STM32\R6581_VS_Display\Core\Startup\startup_stm32f103c8tx.S" />
    <ClCompile Include="D:\Code_STM32\R6581_VS_Display\Drivers\STM32F1xx_HAL_Driver\Src\stm32f1xx_hal.c">
      <Filter>Source files</Filter>
    </ClCompile>
    <ClCompile Include="D:\Code_STM32\R6581_VS_Display\Drivers\STM32F1xx_HAL_Driver\Src\stm32f1xx_hal_cortex.c">
      <Filter>Source files</Filter>
    </ClCompile>
    <ClCompile Include="D:\Code_STM32\R6581_VS_Display\Drivers\STM32F1xx_HAL_Driver\Src\stm32f1xx_hal_dma.c">
      <Filter>Source files</Filter>
    </ClCompile>
    <ClCompile Include="D:\Code_STM32\R6581_VS_Display\Drivers\STM32F1xx_HAL_Driver\Src\stm32f1xx_hal_exti.c">
      <Filter>Source files</Filter>
    </ClCompile>
    <ClCompile Include="D:\Code_STM32\R6581_VS_Display\Drivers\STM32F1xx_HAL_Driver\Src\stm32f1xx_hal_flash.c">
      <Filter>Source files</Filter>
    </ClCompile>
    <ClCompile Include="D:\Code_STM32\R6581_VS_Display\Drivers\STM32F1xx_HAL_Driver\Src\stm32f1xx_hal_flash_ex.c">
      <Filter>Source files</Filter>
    </ClCompile>
    <ClCompile Include="D:\Code_STM32\R6581_VS_Display\Drivers\STM32F1xx_HAL_Driver\Src\stm32f1xx_hal_gpio.c">
      <Filter>Source files</Filter>
    </ClCompile>
    <ClCompile Include="D:\Code_STM32\R6581_VS_Display\Drivers\STM32F1xx_HAL_Driver\Src\stm32f1xx_hal_gpio_ex.c">
      <Filter>Source files</Filter>
    </ClCompile>
    <ClCompile Include="D:\Code_STM32\R6581_VS_Display\Drivers\STM32F1xx_HAL_Driver\Src\stm32f1xx_hal_pwr.c">
      <Filter>Source files</Filter>
    </ClCompile>
    <ClCompile Include="D:\Code_STM32\R6581_VS_Display\Drivers\STM32F1xx_HAL_Driver\Src\stm32f1xx_hal_rcc.c">
      <Filter>Source files</Filter>
    </ClCompile>
    <ClCompile Include="D:\Code_STM32\R6581_VS_Display\Drivers\STM32F1xx_HAL_Driver\Src\stm32f1xx_hal_rcc_ex.c">
      <Filter>Source files</Filter>
    </ClCompile>
    <ClCompile Include="D:\Code_STM32\R6581_VS_Display\Drivers\STM32F1xx_HAL_Driver\Src\stm32f1xx_hal_spi.c">
      <Filter>Source files</Filter>
    </ClCompile>
    <ClCompile Include="D:\Code_STM32\R6581_VS_Display\Drivers\STM32F1xx_HAL_Driver\Src\stm32f1xx_hal_tim.c">
      <Filter>Source files</Filter>
    </ClCompile>
    <ClCompile Include="D:\Code_STM32\R6581_VS_Display\Drivers\STM32F1xx_HAL_Driver\Src\stm32f1xx_hal_tim_ex.c">
      <Filter>Source files</Filter>
    </ClCompile>
  </ItemGroup>
  <ItemGroup>
    <ClInclude Include="D:\Code_STM32\R6581_VS_Display\Core\Inc\dma.h">
      <Filter>Header files</Filter>
    </ClInclude>
    <ClInclude Include="D:\Code_STM32\R6581_VS_Display\Core\Inc\gpio.h">
      <Filter>Header files</Filter>
    </ClInclude>
    <ClInclude Include="D:\Code_STM32\R6581_VS_Display\Core\Inc\main.h">
      <Filter>Header files</Filter>
    </ClInclude>
    <ClInclude Include="D:\Code_STM32\R6581_VS_Display\Core\Inc\spi.h">
      <Filter>Header files</Filter>
    </ClInclude>
    <ClInclude Include="D:\Code_STM32\R6581_VS_Display\Core\Inc\stm32f1xx_hal_conf.h">
      <Filter>Header files</Filter>
    </ClInclude>
    <ClInclude Include="D:\Code_STM32\R6581_VS_Display\Core\Inc\stm32f1xx_it.h">
      <Filter>Header files</Filter>
    </ClInclude>
    <ClInclude Include="D:\Code_STM32\R6581_VS_Display\Drivers\CMSIS\Device\ST\STM32F1xx\Include\stm32f103xb.h">
      <Filter>Header files</Filter>
    </ClInclude>
    <ClInclude Include="D:\Code_STM32\R6581_VS_Display\Drivers\CMSIS\Device\ST\STM32F1xx\Include\stm32f1xx.h">
      <Filter>Header files</Filter>
    </ClInclude>
    <ClInclude Include="D:\Code_STM32\R6581_VS_Display\Drivers\CMSIS\Device\ST\STM32F1xx\Include\system_stm32f1xx.h">
      <Filter>Header files</Filter>
    </ClInclude>
    <ClInclude Include="D:\Code_STM32\R6581_VS_Display\Drivers\CMSIS\Include\cmsis_armcc.h">
      <Filter>Header files</Filter>
    </ClInclude>
    <ClInclude Include="D:\Code_STM32\R6581_VS_Display\Drivers\CMSIS\Include\cmsis_armclang.h">
      <Filter>Header files</Filter>
    </ClInclude>
    <ClInclude Include="D:\Code_STM32\R6581_VS_Display\Drivers\CMSIS\Include\cmsis_compiler.h">
      <Filter>Header files</Filter>
    </ClInclude>
    <ClInclude Include="D:\Code_STM32\R6581_VS_Display\Drivers\CMSIS\Include\cmsis_gcc.h">
      <Filter>Header files</Filter>
    </ClInclude>
    <ClInclude Include="D:\Code_STM32\R6581_VS_Display\Drivers\CMSIS\Include\cmsis_iccarm.h">
      <Filter>Header files</Filter>
    </ClInclude>
    <ClInclude Include="D:\Code_STM32\R6581_VS_Display\Drivers\CMSIS\Include\cmsis_version.h">
      <Filter>Header files</Filter>
    </ClInclude>
    <ClInclude Include="D:\Code_STM32\R6581_VS_Display\Drivers\CMSIS\Include\core_armv8mbl.h">
      <Filter>Header files</Filter>
    </ClInclude>
    <ClInclude Include="D:\Code_STM32\R6581_VS_Display\Drivers\CMSIS\Include\core_armv8mml.h">
      <Filter>Header files</Filter>
    </ClInclude>
    <ClInclude Include="D:\Code_STM32\R6581_VS_Display\Drivers\CMSIS\Include\core_cm0.h">
      <Filter>Header files</Filter>
    </ClInclude>
    <ClInclude Include="D:\Code_STM32\R6581_VS_Display\Drivers\CMSIS\Include\core_cm0plus.h">
      <Filter>Header files</Filter>
    </ClInclude>
    <ClInclude Include="D:\Code_STM32\R6581_VS_Display\Drivers\CMSIS\Include\core_cm1.h">
      <Filter>Header files</Filter>
    </ClInclude>
    <ClInclude Include="D:\Code_STM32\R6581_VS_Display\Drivers\CMSIS\Include\core_cm23.h">
      <Filter>Header files</Filter>
    </ClInclude>
    <ClInclude Include="D:\Code_STM32\R6581_VS_Display\Drivers\CMSIS\Include\core_cm3.h">
      <Filter>Header files</Filter>
    </ClInclude>
    <ClInclude Include="D:\Code_STM32\R6581_VS_Display\Drivers\CMSIS\Include\core_cm33.h">
      <Filter>Header files</Filter>
    </ClInclude>
    <ClInclude Include="D:\Code_STM32\R6581_VS_Display\Drivers\CMSIS\Include\core_cm4.h">
      <Filter>Header files</Filter>
    </ClInclude>
    <ClInclude Include="D:\Code_STM32\R6581_VS_Display\Drivers\CMSIS\Include\core_cm7.h">
      <Filter>Header files</Filter>
    </ClInclude>
    <ClInclude Include="D:\Code_STM32\R6581_VS_Display\Drivers\CMSIS\Include\core_sc000.h">
      <Filter>Header files</Filter>
    </ClInclude>
    <ClInclude Include="D:\Code_STM32\R6581_VS_Display\Drivers\CMSIS\Include\core_sc300.h">
      <Filter>Header files</Filter>
    </ClInclude>
    <ClInclude Include="D:\Code_STM32\R6581_VS_Display\Drivers\CMSIS\Include\mpu_armv7.h">
      <Filter>Header files</Filter>
    </ClInclude>
    <ClInclude Include="D:\Code_STM32\R6581_VS_Display\Drivers\CMSIS\Include\mpu_armv8.h">
      <Filter>Header files</Filter>
    </ClInclude>
    <ClInclude Include="D:\Code_STM32\R6581_VS_Display\Drivers\CMSIS\Include\tz_context.h">
      <Filter>Header files</Filter>
    </ClInclude>
    <ClInclude Include="D:\Code_STM32\R6581_VS_Display\Drivers\STM32F1xx_HAL_Driver\Inc\stm32f1xx_hal.h">
      <Filter>Header files</Filter>
    </ClInclude>
    <ClInclude Include="D:\Code_STM32\R6581_VS_Display\Drivers\STM32F1xx_HAL_Driver\Inc\stm32f1xx_hal_cortex.h">
      <Filter>Header files</Filter>
    </ClInclude>
    <ClInclude Include="D:\Code_STM32\R6581_VS_Display\Drivers\STM32F1xx_HAL_Driver\Inc\stm32f1xx_hal_def.h">
      <Filter>Header files</Filter>
    </ClInclude>
    <ClInclude Include="D:\Code_STM32\R6581_VS_Display\Drivers\STM32F1xx_HAL_Driver\Inc\stm32f1xx_hal_dma.h">
      <Filter>Header files</Filter>
    </ClInclude>
    <ClInclude Include="D:\Code_STM32\R6581_VS_Display\Drivers\STM32F1xx_HAL_Driver\Inc\stm32f1xx_hal_dma_ex.h">
      <Filter>Header files</Filter>
    </ClInclude>
    <ClInclude Include="D:\Code_STM32\R6581_VS_Display\Drivers\STM32F1xx_HAL_Driver\Inc\stm32f1xx_hal_exti.h">
      <Filter>Header files</Filter>
    </ClInclude>
    <ClInclude Include="D:\Code_STM32\R6581_VS_Display\Drivers\STM32F1xx_HAL_Driver\Inc\stm32f1xx_hal_flash.h">
      <Filter>Header files</Filter>
    </ClInclude>
    <ClInclude Include="D:\Code_STM32\R6581_VS_Display\Drivers\STM32F1xx_HAL_Driver\Inc\stm32f1xx_hal_flash_ex.h">
      <Filter>Header files</Filter>
    </ClInclude>
    <ClInclude Include="D:\Code_STM32\R6581_VS_Display\Drivers\STM32F1xx_HAL_Driver\Inc\stm32f1xx_hal_gpio.h">
      <Filter>Header files</Filter>
    </ClInclude>
    <ClInclude Include="D:\Code_STM32\R6581_VS_Display\Drivers\STM32F1xx_HAL_Driver\Inc\stm32f1xx_hal_gpio_ex.h">
      <Filter>Header files</Filter>
    </ClInclude>
    <ClInclude Include="D:\Code_STM32\R6581_VS_Display\Drivers\STM32F1xx_HAL_Driver\Inc\stm32f1xx_hal_pwr.h">
      <Filter>Header files</Filter>
    </ClInclude>
    <ClInclude Include="D:\Code_STM32\R6581_VS_Display\Drivers\STM32F1xx_HAL_Driver\Inc\stm32f1xx_hal_rcc.h">
      <Filter>Header files</Filter>
    </ClInclude>
    <ClInclude Include="D:\Code_STM32\R6581_VS_Display\Drivers\STM32F1xx_HAL_Driver\Inc\stm32f1xx_hal_rcc_ex.h">
      <Filter>Header files</Filter>
    </ClInclude>
    <ClInclude Include="D:\Code_STM32\R6581_VS_Display\Drivers\STM32F1xx_HAL_Driver\Inc\stm32f1xx_hal_spi.h">
      <Filter>Header files</Filter>
    </ClInclude>
    <ClInclude Include="D:\Code_STM32\R6581_VS_Display\Drivers\STM32F1xx_HAL_Driver\Inc\stm32f1xx_hal_tim.h">
      <Filter>Header files</Filter>
    </ClInclude>
    <ClInclude Include="D:\Code_STM32\R6581_VS_Display\Drivers\STM32F1xx_HAL_Driver\Inc\stm32f1xx_hal_tim_ex.h">
      <Filter>Header files</Filter>
    </ClInclude>
    <ClInclude Include="D:\Code_STM32\R6581_VS_Display\Drivers\STM32F1xx_HAL_Driver\Inc\stm32f1xx_ll_bus.h">
      <Filter>Header files</Filter>
    </ClInclude>
    <ClInclude Include="D:\Code_STM32\R6581_VS_Display\Drivers\STM32F1xx_HAL_Driver\Inc\stm32f1xx_ll_cortex.h">
      <Filter>Header files</Filter>
    </ClInclude>
    <ClInclude Include="D:\Code_STM32\R6581_VS_Display\Drivers\STM32F1xx_HAL_Driver\Inc\stm32f1xx_ll_dma.h">
      <Filter>Header files</Filter>
    </ClInclude>
    <ClInclude Include="D:\Code_STM32\R6581_VS_Display\Drivers\STM32F1xx_HAL_Driver\Inc\stm32f1xx_ll_exti.h">
      <Filter>Header files</Filter>
    </ClInclude>
    <ClInclude Include="D:\Code_STM32\R6581_VS_Display\Drivers\STM32F1xx_HAL_Driver\Inc\stm32f1xx_ll_gpio.h">
      <Filter>Header files</Filter>
    </ClInclude>
    <ClInclude Include="D:\Code_STM32\R6581_VS_Display\Drivers\STM32F1xx_HAL_Driver\Inc\stm32f1xx_ll_pwr.h">
      <Filter>Header files</Filter>
    </ClInclude>
    <ClInclude Include="D:\Code_STM32\R6581_VS_Display\Drivers\STM32F1xx_HAL_Driver\Inc\stm32f1xx_ll_rcc.h">
      <Filter>Header files</Filter>
    </ClInclude>
    <ClInclude Include="D:\Code_STM32\R6581_VS_Display\Drivers\STM32F1xx_HAL_Driver\Inc\stm32f1xx_ll_spi.h">
      <Filter>Header files</Filter>
    </ClInclude>
    <ClInclude Include="D:\Code_STM32\R6581_VS_Display\Drivers\STM32F1xx_HAL_Driver\Inc\stm32f1xx_ll_system.h">
      <Filter>Header files</Filter>
    </ClInclude>
    <ClInclude Include="D:\Code_STM32\R6581_VS_Display\Drivers\STM32F1xx_HAL_Driver\Inc\stm32f1xx_ll_utils.h">
      <Filter>Header files</Filter>
    </ClInclude>
    <ClInclude Include="D:\Code_STM32\R6581_VS_Display\Drivers\STM32F1xx_HAL_Driver\Inc\Legacy\stm32_hal_legacy.h">
      <Filter>Header files</Filter>
    </ClInclude>
    <ClInclude Include="Core\Inc\timer.h">
      <Filter>Header files</Filter>
    </ClInclude>
    <ClInclude Include="Core\Inc\lcd.h">
      <Filter>Header files</Filter>
    </ClInclude>
    <ClInclude Include="Core\Inc\lt7680.h">
      <Filter>Header files</Filter>
    </ClInclude>
    <ClInclude Include="Core\Inc\test.h">
      <Filter>Header files</Filter>
    </ClInclude>
    <ClInclude Include="Core\Inc\display.h">
      <Filter>Header files</Filter>
    </ClInclude>
  </ItemGroup>
  <ItemGroup>
    <None Include="R6581_VS_Display-Debug.vgdbsettings" />
    <None Include="R6581_VS_Display-Release.vgdbsettings" />
  </ItemGroup>
  <ItemGroup>
    <ClCompile Include="Core\Src\timer.c">
      <Filter>Source files</Filter>
    </ClCompile>
    <ClCompile Include="Core\Src\lcd.c">
      <Filter>Source files</Filter>
    </ClCompile>
    <ClCompile Include="Core\Src\lt7680.c">
      <Filter>Source files</Filter>
    </ClCompile>
    <ClCompile Include="Core\Src\test.c">
      <Filter>Source files</Filter>
    </ClCompile>
    <ClCompile Include="Core\Src\display.c">
      <Filter>Source files</Filter>
    </ClCompile>
  </ItemGroup>
</Project>